// !$*UTF8*$!
{
	archiveVersion = 1;
	classes = {
	};
	objectVersion = 50;
	objects = {

/* Begin PBXBuildFile section */
		92B6707C26ED254E00761D94 /* QuizViewController.swift in Sources */ = {isa = PBXBuildFile; fileRef = 92B6707B26ED254E00761D94 /* QuizViewController.swift */; };
		92B6707E26ED256800761D94 /* ResultViewController.swift in Sources */ = {isa = PBXBuildFile; fileRef = 92B6707D26ED256800761D94 /* ResultViewController.swift */; };
		92B6708226ED274F00761D94 /* Quiz.swift in Sources */ = {isa = PBXBuildFile; fileRef = 92B6708126ED274F00761D94 /* Quiz.swift */; };
		92B6708426ED277400761D94 /* QuizManager.swift in Sources */ = {isa = PBXBuildFile; fileRef = 92B6708326ED277400761D94 /* QuizManager.swift */; };
		92EED4FB26E8952500CF93EA /* AppDelegate.swift in Sources */ = {isa = PBXBuildFile; fileRef = 92EED4FA26E8952500CF93EA /* AppDelegate.swift */; };
		92EED4FD26E8952500CF93EA /* SceneDelegate.swift in Sources */ = {isa = PBXBuildFile; fileRef = 92EED4FC26E8952500CF93EA /* SceneDelegate.swift */; };
		92EED4FF26E8952500CF93EA /* ViewController.swift in Sources */ = {isa = PBXBuildFile; fileRef = 92EED4FE26E8952500CF93EA /* ViewController.swift */; };
		92EED50226E8952500CF93EA /* Main.storyboard in Resources */ = {isa = PBXBuildFile; fileRef = 92EED50026E8952500CF93EA /* Main.storyboard */; };
		92EED50426E8952800CF93EA /* Assets.xcassets in Resources */ = {isa = PBXBuildFile; fileRef = 92EED50326E8952800CF93EA /* Assets.xcassets */; };
		92EED50726E8952800CF93EA /* LaunchScreen.storyboard in Resources */ = {isa = PBXBuildFile; fileRef = 92EED50526E8952800CF93EA /* LaunchScreen.storyboard */; };
/* End PBXBuildFile section */

/* Begin PBXFileReference section */
		92B6707B26ED254E00761D94 /* QuizViewController.swift */ = {isa = PBXFileReference; lastKnownFileType = sourcecode.swift; path = QuizViewController.swift; sourceTree = "<group>"; };
		92B6707D26ED256800761D94 /* ResultViewController.swift */ = {isa = PBXFileReference; lastKnownFileType = sourcecode.swift; path = ResultViewController.swift; sourceTree = "<group>"; };
		92B6708126ED274F00761D94 /* Quiz.swift */ = {isa = PBXFileReference; lastKnownFileType = sourcecode.swift; path = Quiz.swift; sourceTree = "<group>"; };
		92B6708326ED277400761D94 /* QuizManager.swift */ = {isa = PBXFileReference; lastKnownFileType = sourcecode.swift; path = QuizManager.swift; sourceTree = "<group>"; };
		92EED4F726E8952500CF93EA /* SwiftQuiz.app */ = {isa = PBXFileReference; explicitFileType = wrapper.application; includeInIndex = 0; path = SwiftQuiz.app; sourceTree = BUILT_PRODUCTS_DIR; };
		92EED4FA26E8952500CF93EA /* AppDelegate.swift */ = {isa = PBXFileReference; lastKnownFileType = sourcecode.swift; path = AppDelegate.swift; sourceTree = "<group>"; };
		92EED4FC26E8952500CF93EA /* SceneDelegate.swift */ = {isa = PBXFileReference; lastKnownFileType = sourcecode.swift; path = SceneDelegate.swift; sourceTree = "<group>"; };
		92EED4FE26E8952500CF93EA /* ViewController.swift */ = {isa = PBXFileReference; lastKnownFileType = sourcecode.swift; path = ViewController.swift; sourceTree = "<group>"; };
		92EED50126E8952500CF93EA /* Base */ = {isa = PBXFileReference; lastKnownFileType = file.storyboard; name = Base; path = Base.lproj/Main.storyboard; sourceTree = "<group>"; };
		92EED50326E8952800CF93EA /* Assets.xcassets */ = {isa = PBXFileReference; lastKnownFileType = folder.assetcatalog; path = Assets.xcassets; sourceTree = "<group>"; };
		92EED50626E8952800CF93EA /* Base */ = {isa = PBXFileReference; lastKnownFileType = file.storyboard; name = Base; path = Base.lproj/LaunchScreen.storyboard; sourceTree = "<group>"; };
		92EED50826E8952800CF93EA /* Info.plist */ = {isa = PBXFileReference; lastKnownFileType = text.plist.xml; path = Info.plist; sourceTree = "<group>"; };
/* End PBXFileReference section */

/* Begin PBXFrameworksBuildPhase section */
		92EED4F426E8952500CF93EA /* Frameworks */ = {
			isa = PBXFrameworksBuildPhase;
			buildActionMask = 2147483647;
			files = (
			);
			runOnlyForDeploymentPostprocessing = 0;
		};
/* End PBXFrameworksBuildPhase section */

/* Begin PBXGroup section */
		92B6707A26ED24B000761D94 /* Storyboard */ = {
			isa = PBXGroup;
			children = (
				92EED50026E8952500CF93EA /* Main.storyboard */,
				92EED50526E8952800CF93EA /* LaunchScreen.storyboard */,
			);
			path = Storyboard;
			sourceTree = "<group>";
		};
		92B6707F26ED257600761D94 /* Controller */ = {
			isa = PBXGroup;
			children = (
				92EED4FE26E8952500CF93EA /* ViewController.swift */,
				92B6707B26ED254E00761D94 /* QuizViewController.swift */,
				92B6707D26ED256800761D94 /* ResultViewController.swift */,
			);
			path = Controller;
			sourceTree = "<group>";
		};
		92B6708026ED273D00761D94 /* Model */ = {
			isa = PBXGroup;
			children = (
				92B6708126ED274F00761D94 /* Quiz.swift */,
				92B6708326ED277400761D94 /* QuizManager.swift */,
			);
			path = Model;
			sourceTree = "<group>";
		};
		92EED4EE26E8952500CF93EA = {
			isa = PBXGroup;
			children = (
				92EED4F926E8952500CF93EA /* SwiftQuiz */,
				92EED4F826E8952500CF93EA /* Products */,
			);
			sourceTree = "<group>";
		};
		92EED4F826E8952500CF93EA /* Products */ = {
			isa = PBXGroup;
			children = (
				92EED4F726E8952500CF93EA /* SwiftQuiz.app */,
			);
			name = Products;
			sourceTree = "<group>";
		};
		92EED4F926E8952500CF93EA /* SwiftQuiz */ = {
			isa = PBXGroup;
			children = (
				92B6708026ED273D00761D94 /* Model */,
				92B6707F26ED257600761D94 /* Controller */,
				92B6707A26ED24B000761D94 /* Storyboard */,
				92EED50326E8952800CF93EA /* Assets.xcassets */,
				92EED50826E8952800CF93EA /* Info.plist */,
				92EED4FA26E8952500CF93EA /* AppDelegate.swift */,
				92EED4FC26E8952500CF93EA /* SceneDelegate.swift */,
			);
			path = SwiftQuiz;
			sourceTree = "<group>";
		};
/* End PBXGroup section */

/* Begin PBXNativeTarget section */
		92EED4F626E8952500CF93EA /* SwiftQuiz */ = {
			isa = PBXNativeTarget;
			buildConfigurationList = 92EED50B26E8952800CF93EA /* Build configuration list for PBXNativeTarget "SwiftQuiz" */;
			buildPhases = (
				92EED4F326E8952500CF93EA /* Sources */,
				92EED4F426E8952500CF93EA /* Frameworks */,
				92EED4F526E8952500CF93EA /* Resources */,
			);
			buildRules = (
			);
			dependencies = (
			);
			name = SwiftQuiz;
			productName = SwiftQuiz;
			productReference = 92EED4F726E8952500CF93EA /* SwiftQuiz.app */;
			productType = "com.apple.product-type.application";
		};
/* End PBXNativeTarget section */

/* Begin PBXProject section */
		92EED4EF26E8952500CF93EA /* Project object */ = {
			isa = PBXProject;
			attributes = {
				LastSwiftUpdateCheck = 1250;
				LastUpgradeCheck = 1250;
				TargetAttributes = {
					92EED4F626E8952500CF93EA = {
						CreatedOnToolsVersion = 12.5.1;
					};
				};
			};
			buildConfigurationList = 92EED4F226E8952500CF93EA /* Build configuration list for PBXProject "SwiftQuiz" */;
			compatibilityVersion = "Xcode 9.3";
			developmentRegion = en;
			hasScannedForEncodings = 0;
			knownRegions = (
				en,
				Base,
			);
			mainGroup = 92EED4EE26E8952500CF93EA;
			productRefGroup = 92EED4F826E8952500CF93EA /* Products */;
			projectDirPath = "";
			projectRoot = "";
			targets = (
				92EED4F626E8952500CF93EA /* SwiftQuiz */,
			);
		};
/* End PBXProject section */

/* Begin PBXResourcesBuildPhase section */
		92EED4F526E8952500CF93EA /* Resources */ = {
			isa = PBXResourcesBuildPhase;
			buildActionMask = 2147483647;
			files = (
				92EED50726E8952800CF93EA /* LaunchScreen.storyboard in Resources */,
				92EED50426E8952800CF93EA /* Assets.xcassets in Resources */,
				92EED50226E8952500CF93EA /* Main.storyboard in Resources */,
			);
			runOnlyForDeploymentPostprocessing = 0;
		};
/* End PBXResourcesBuildPhase section */

/* Begin PBXSourcesBuildPhase section */
		92EED4F326E8952500CF93EA /* Sources */ = {
			isa = PBXSourcesBuildPhase;
			buildActionMask = 2147483647;
			files = (
				92B6707E26ED256800761D94 /* ResultViewController.swift in Sources */,
				92EED4FF26E8952500CF93EA /* ViewController.swift in Sources */,
				92B6708226ED274F00761D94 /* Quiz.swift in Sources */,
				92B6708426ED277400761D94 /* QuizManager.swift in Sources */,
				92EED4FB26E8952500CF93EA /* AppDelegate.swift in Sources */,
				92EED4FD26E8952500CF93EA /* SceneDelegate.swift in Sources */,
				92B6707C26ED254E00761D94 /* QuizViewController.swift in Sources */,
			);
			runOnlyForDeploymentPostprocessing = 0;
		};
/* End PBXSourcesBuildPhase section */

/* Begin PBXVariantGroup section */
		92EED50026E8952500CF93EA /* Main.storyboard */ = {
			isa = PBXVariantGroup;
			children = (
				92EED50126E8952500CF93EA /* Base */,
			);
			name = Main.storyboard;
			sourceTree = "<group>";
		};
		92EED50526E8952800CF93EA /* LaunchScreen.storyboard */ = {
			isa = PBXVariantGroup;
			children = (
				92EED50626E8952800CF93EA /* Base */,
			);
			name = LaunchScreen.storyboard;
			sourceTree = "<group>";
		};
/* End PBXVariantGroup section */

/* Begin XCBuildConfiguration section */
		92EED50926E8952800CF93EA /* Debug */ = {
			isa = XCBuildConfiguration;
			buildSettings = {
				ALWAYS_SEARCH_USER_PATHS = NO;
				CLANG_ANALYZER_NONNULL = YES;
				CLANG_ANALYZER_NUMBER_OBJECT_CONVERSION = YES_AGGRESSIVE;
				CLANG_CXX_LANGUAGE_STANDARD = "gnu++14";
				CLANG_CXX_LIBRARY = "libc++";
				CLANG_ENABLE_MODULES = YES;
				CLANG_ENABLE_OBJC_ARC = YES;
				CLANG_ENABLE_OBJC_WEAK = YES;
				CLANG_WARN_BLOCK_CAPTURE_AUTORELEASING = YES;
				CLANG_WARN_BOOL_CONVERSION = YES;
				CLANG_WARN_COMMA = YES;
				CLANG_WARN_CONSTANT_CONVERSION = YES;
				CLANG_WARN_DEPRECATED_OBJC_IMPLEMENTATIONS = YES;
				CLANG_WARN_DIRECT_OBJC_ISA_USAGE = YES_ERROR;
				CLANG_WARN_DOCUMENTATION_COMMENTS = YES;
				CLANG_WARN_EMPTY_BODY = YES;
				CLANG_WARN_ENUM_CONVERSION = YES;
				CLANG_WARN_INFINITE_RECURSION = YES;
				CLANG_WARN_INT_CONVERSION = YES;
				CLANG_WARN_NON_LITERAL_NULL_CONVERSION = YES;
				CLANG_WARN_OBJC_IMPLICIT_RETAIN_SELF = YES;
				CLANG_WARN_OBJC_LITERAL_CONVERSION = YES;
				CLANG_WARN_OBJC_ROOT_CLASS = YES_ERROR;
				CLANG_WARN_QUOTED_INCLUDE_IN_FRAMEWORK_HEADER = YES;
				CLANG_WARN_RANGE_LOOP_ANALYSIS = YES;
				CLANG_WARN_STRICT_PROTOTYPES = YES;
				CLANG_WARN_SUSPICIOUS_MOVE = YES;
				CLANG_WARN_UNGUARDED_AVAILABILITY = YES_AGGRESSIVE;
				CLANG_WARN_UNREACHABLE_CODE = YES;
				CLANG_WARN__DUPLICATE_METHOD_MATCH = YES;
				COPY_PHASE_STRIP = NO;
				DEBUG_INFORMATION_FORMAT = dwarf;
				ENABLE_STRICT_OBJC_MSGSEND = YES;
				ENABLE_TESTABILITY = YES;
				GCC_C_LANGUAGE_STANDARD = gnu11;
				GCC_DYNAMIC_NO_PIC = NO;
				GCC_NO_COMMON_BLOCKS = YES;
				GCC_OPTIMIZATION_LEVEL = 0;
				GCC_PREPROCESSOR_DEFINITIONS = (
					"DEBUG=1",
					"$(inherited)",
				);
				GCC_WARN_64_TO_32_BIT_CONVERSION = YES;
				GCC_WARN_ABOUT_RETURN_TYPE = YES_ERROR;
				GCC_WARN_UNDECLARED_SELECTOR = YES;
				GCC_WARN_UNINITIALIZED_AUTOS = YES_AGGRESSIVE;
				GCC_WARN_UNUSED_FUNCTION = YES;
				GCC_WARN_UNUSED_VARIABLE = YES;
				IPHONEOS_DEPLOYMENT_TARGET = 14.5;
				MTL_ENABLE_DEBUG_INFO = INCLUDE_SOURCE;
				MTL_FAST_MATH = YES;
				ONLY_ACTIVE_ARCH = YES;
				SDKROOT = iphoneos;
				SWIFT_ACTIVE_COMPILATION_CONDITIONS = DEBUG;
				SWIFT_OPTIMIZATION_LEVEL = "-Onone";
			};
			name = Debug;
		};
		92EED50A26E8952800CF93EA /* Release */ = {
			isa = XCBuildConfiguration;
			buildSettings = {
				ALWAYS_SEARCH_USER_PATHS = NO;
				CLANG_ANALYZER_NONNULL = YES;
				CLANG_ANALYZER_NUMBER_OBJECT_CONVERSION = YES_AGGRESSIVE;
				CLANG_CXX_LANGUAGE_STANDARD = "gnu++14";
				CLANG_CXX_LIBRARY = "libc++";
				CLANG_ENABLE_MODULES = YES;
				CLANG_ENABLE_OBJC_ARC = YES;
				CLANG_ENABLE_OBJC_WEAK = YES;
				CLANG_WARN_BLOCK_CAPTURE_AUTORELEASING = YES;
				CLANG_WARN_BOOL_CONVERSION = YES;
				CLANG_WARN_COMMA = YES;
				CLANG_WARN_CONSTANT_CONVERSION = YES;
				CLANG_WARN_DEPRECATED_OBJC_IMPLEMENTATIONS = YES;
				CLANG_WARN_DIRECT_OBJC_ISA_USAGE = YES_ERROR;
				CLANG_WARN_DOCUMENTATION_COMMENTS = YES;
				CLANG_WARN_EMPTY_BODY = YES;
				CLANG_WARN_ENUM_CONVERSION = YES;
				CLANG_WARN_INFINITE_RECURSION = YES;
				CLANG_WARN_INT_CONVERSION = YES;
				CLANG_WARN_NON_LITERAL_NULL_CONVERSION = YES;
				CLANG_WARN_OBJC_IMPLICIT_RETAIN_SELF = YES;
				CLANG_WARN_OBJC_LITERAL_CONVERSION = YES;
				CLANG_WARN_OBJC_ROOT_CLASS = YES_ERROR;
				CLANG_WARN_QUOTED_INCLUDE_IN_FRAMEWORK_HEADER = YES;
				CLANG_WARN_RANGE_LOOP_ANALYSIS = YES;
				CLANG_WARN_STRICT_PROTOTYPES = YES;
				CLANG_WARN_SUSPICIOUS_MOVE = YES;
				CLANG_WARN_UNGUARDED_AVAILABILITY = YES_AGGRESSIVE;
				CLANG_WARN_UNREACHABLE_CODE = YES;
				CLANG_WARN__DUPLICATE_METHOD_MATCH = YES;
				COPY_PHASE_STRIP = NO;
				DEBUG_INFORMATION_FORMAT = "dwarf-with-dsym";
				ENABLE_NS_ASSERTIONS = NO;
				ENABLE_STRICT_OBJC_MSGSEND = YES;
				GCC_C_LANGUAGE_STANDARD = gnu11;
				GCC_NO_COMMON_BLOCKS = YES;
				GCC_WARN_64_TO_32_BIT_CONVERSION = YES;
				GCC_WARN_ABOUT_RETURN_TYPE = YES_ERROR;
				GCC_WARN_UNDECLARED_SELECTOR = YES;
				GCC_WARN_UNINITIALIZED_AUTOS = YES_AGGRESSIVE;
				GCC_WARN_UNUSED_FUNCTION = YES;
				GCC_WARN_UNUSED_VARIABLE = YES;
				IPHONEOS_DEPLOYMENT_TARGET = 14.5;
				MTL_ENABLE_DEBUG_INFO = NO;
				MTL_FAST_MATH = YES;
				SDKROOT = iphoneos;
				SWIFT_COMPILATION_MODE = wholemodule;
				SWIFT_OPTIMIZATION_LEVEL = "-O";
				VALIDATE_PRODUCT = YES;
			};
			name = Release;
		};
		92EED50C26E8952800CF93EA /* Debug */ = {
			isa = XCBuildConfiguration;
			buildSettings = {
				ASSETCATALOG_COMPILER_APPICON_NAME = AppIcon;
				ASSETCATALOG_COMPILER_GLOBAL_ACCENT_COLOR_NAME = AccentColor;
				CODE_SIGN_STYLE = Automatic;
				DEVELOPMENT_TEAM = L4487JTZ98;
				INFOPLIST_FILE = SwiftQuiz/Info.plist;
				LD_RUNPATH_SEARCH_PATHS = (
					"$(inherited)",
					"@executable_path/Frameworks",
				);
				PRODUCT_BUNDLE_IDENTIFIER = com.sidraque.SwiftQuiz;
				PRODUCT_NAME = "$(TARGET_NAME)";
				SWIFT_VERSION = 5.0;
				TARGETED_DEVICE_FAMILY = 1;
			};
			name = Debug;
		};
		92EED50D26E8952800CF93EA /* Release */ = {
			isa = XCBuildConfiguration;
			buildSettings = {
				ASSETCATALOG_COMPILER_APPICON_NAME = AppIcon;
				ASSETCATALOG_COMPILER_GLOBAL_ACCENT_COLOR_NAME = AccentColor;
				CODE_SIGN_STYLE = Automatic;
				DEVELOPMENT_TEAM = L4487JTZ98;
				INFOPLIST_FILE = SwiftQuiz/Info.plist;
				LD_RUNPATH_SEARCH_PATHS = (
					"$(inherited)",
					"@executable_path/Frameworks",
				);
				PRODUCT_BUNDLE_IDENTIFIER = com.sidraque.SwiftQuiz;
				PRODUCT_NAME = "$(TARGET_NAME)";
				SWIFT_VERSION = 5.0;
				TARGETED_DEVICE_FAMILY = 1;
			};
			name = Release;
		};
/* End XCBuildConfiguration section */

/* Begin XCConfigurationList section */
		92EED4F226E8952500CF93EA /* Build configuration list for PBXProject "SwiftQuiz" */ = {
			isa = XCConfigurationList;
			buildConfigurations = (
				92EED50926E8952800CF93EA /* Debug */,
				92EED50A26E8952800CF93EA /* Release */,
			);
			defaultConfigurationIsVisible = 0;
			defaultConfigurationName = Release;
		};
		92EED50B26E8952800CF93EA /* Build configuration list for PBXNativeTarget "SwiftQuiz" */ = {
			isa = XCConfigurationList;
			buildConfigurations = (
				92EED50C26E8952800CF93EA /* Debug */,
				92EED50D26E8952800CF93EA /* Release */,
			);
			defaultConfigurationIsVisible = 0;
			defaultConfigurationName = Release;
		};
/* End XCConfigurationList section */
	};
	rootObject = 92EED4EF26E8952500CF93EA /* Project object */;
}
